
Microsoft Visual Studio Solution File, Format Version 12.00
# Visual Studio Version 17
VisualStudioVersion = 17.4.33110.190
MinimumVisualStudioVersion = 10.0.40219.1
Project("{9A19103F-16F7-4668-BE54-9A1E7A4F7556}") = "AvaloniaDialogs", "AvaloniaDialogs\AvaloniaDialogs.csproj", "{D678FBE9-5572-4523-9676-544FA8DEB7DE}"
EndProject
Project("{2150E333-8FDC-42A3-9474-1A3956D46DE8}") = "Solution Items", "Solution Items", "{401951F9-382A-4F1B-A0C5-AEE26A9C895D}"
	ProjectSection(SolutionItems) = preProject
		.editorconfig = .editorconfig
		LICENSE.txt = LICENSE.txt
		README.md = README.md
	EndProjectSection
EndProject
Project("{9A19103F-16F7-4668-BE54-9A1E7A4F7556}") = "AvaloniaDialogs.Demo", "AvaloniaDialogs.Demo\AvaloniaDialogs.Demo.csproj", "{1D3C44EC-9A92-4DD5-BECA-520A52A04493}"
EndProject
Global
	GlobalSection(SolutionConfigurationPlatforms) = preSolution
		Debug|Any CPU = Debug|Any CPU
		Release|Any CPU = Release|Any CPU
	EndGlobalSection
	GlobalSection(ProjectConfigurationPlatforms) = postSolution
		{D678FBE9-5572-4523-9676-544FA8DEB7DE}.Debug|Any CPU.ActiveCfg = Debug|Any CPU
		{D678FBE9-5572-4523-9676-544FA8DEB7DE}.Debug|Any CPU.Build.0 = Debug|Any CPU
		{D678FBE9-5572-4523-9676-544FA8DEB7DE}.Release|Any CPU.ActiveCfg = Release|Any CPU
		{D678FBE9-5572-4523-9676-544FA8DEB7DE}.Release|Any CPU.Build.0 = Release|Any CPU
		{1D3C44EC-9A92-4DD5-BECA-520A52A04493}.Debug|Any CPU.ActiveCfg = Debug|Any CPU
		{1D3C44EC-9A92-4DD5-BECA-520A52A04493}.Debug|Any CPU.Build.0 = Debug|Any CPU
		{1D3C44EC-9A92-4DD5-BECA-520A52A04493}.Release|Any CPU.ActiveCfg = Release|Any CPU
		{1D3C44EC-9A92-4DD5-BECA-520A52A04493}.Release|Any CPU.Build.0 = Release|Any CPU
	EndGlobalSection
	GlobalSection(SolutionProperties) = preSolution
		HideSolutionNode = FALSE
	EndGlobalSection
	GlobalSection(ExtensibilityGlobals) = postSolution
		SolutionGuid = {4289054F-875E-4825-9659-5E63D5EA641F}
	EndGlobalSection
EndGlobal
